
Microsoft Visual Studio Solution File, Format Version 12.00
# Visual Studio 15
VisualStudioVersion = 15.0.26730.16
MinimumVisualStudioVersion = 10.0.40219.1
Project("{9A19103F-16F7-4668-BE54-9A1E7A4F7556}") = "RobsonROX.Snake.App", "RobsonROX.Snake.App\RobsonROX.Snake.App.csproj", "{18EA1ACB-4504-4D58-9209-FBFAF7F7F799}"
EndProject
Project("{FAE04EC0-301F-11D3-BF4B-00C04F79EFBC}") = "RobsonROX.Snake", "RobsonROX.Snake\RobsonROX.Snake.csproj", "{E94EC06F-7D0E-46FA-A8D1-7F72DD4AA8B5}"
EndProject
Global
	GlobalSection(SolutionConfigurationPlatforms) = preSolution
		Debug|Any CPU = Debug|Any CPU
		Release|Any CPU = Release|Any CPU
	EndGlobalSection
	GlobalSection(ProjectConfigurationPlatforms) = postSolution
		{18EA1ACB-4504-4D58-9209-FBFAF7F7F799}.Debug|Any CPU.ActiveCfg = Debug|Any CPU
		{18EA1ACB-4504-4D58-9209-FBFAF7F7F799}.Debug|Any CPU.Build.0 = Debug|Any CPU
		{18EA1ACB-4504-4D58-9209-FBFAF7F7F799}.Release|Any CPU.ActiveCfg = Release|Any CPU
		{18EA1ACB-4504-4D58-9209-FBFAF7F7F799}.Release|Any CPU.Build.0 = Release|Any CPU
		{E94EC06F-7D0E-46FA-A8D1-7F72DD4AA8B5}.Debug|Any CPU.ActiveCfg = Debug|Any CPU
		{E94EC06F-7D0E-46FA-A8D1-7F72DD4AA8B5}.Debug|Any CPU.Build.0 = Debug|Any CPU
		{E94EC06F-7D0E-46FA-A8D1-7F72DD4AA8B5}.Release|Any CPU.ActiveCfg = Release|Any CPU
		{E94EC06F-7D0E-46FA-A8D1-7F72DD4AA8B5}.Release|Any CPU.Build.0 = Release|Any CPU
	EndGlobalSection
	GlobalSection(SolutionProperties) = preSolution
		HideSolutionNode = FALSE
	EndGlobalSection
	GlobalSection(ExtensibilityGlobals) = postSolution
		SolutionGuid = {D05C0B2E-073F-4ABC-83FD-162E7A4993F3}
	EndGlobalSection
EndGlobal
